
Microsoft Visual Studio Solution File, Format Version 12.00
# Visual Studio Version 17
VisualStudioVersion = 17.5.002.0
MinimumVisualStudioVersion = 10.0.40219.1
Project("{9A19103F-16F7-4668-BE54-9A1E7A4F7556}") = "Project - 1", "Project - 1.csproj", "{29F9AC7E-B97F-490A-AD86-9E7357E2AFBF}"
EndProject
Global
	GlobalSection(SolutionConfigurationPlatforms) = preSolution
		Debug|Any CPU = Debug|Any CPU
		Release|Any CPU = Release|Any CPU
	EndGlobalSection
	GlobalSection(ProjectConfigurationPlatforms) = postSolution
		{29F9AC7E-B97F-490A-AD86-9E7357E2AFBF}.Debug|Any CPU.ActiveCfg = Debug|Any CPU
		{29F9AC7E-B97F-490A-AD86-9E7357E2AFBF}.Debug|Any CPU.Build.0 = Debug|Any CPU
		{29F9AC7E-B97F-490A-AD86-9E7357E2AFBF}.Release|Any CPU.ActiveCfg = Release|Any CPU
		{29F9AC7E-B97F-490A-AD86-9E7357E2AFBF}.Release|Any CPU.Build.0 = Release|Any CPU
	EndGlobalSection
	GlobalSection(SolutionProperties) = preSolution
		HideSolutionNode = FALSE
	EndGlobalSection
	GlobalSection(ExtensibilityGlobals) = postSolution
		SolutionGuid = {B0394E37-CF44-4B5B-B609-2785FAE6E7A4}
	EndGlobalSection
EndGlobal
